// !$*UTF8*$!
{
	archiveVersion = 1;
	classes = {
	};
	objectVersion = 56;
	objects = {

/* Begin PBXBuildFile section */
		757056842B3CB89000F8A733 /* Accessible_NewsApp.swift in Sources */ = {isa = PBXBuildFile; fileRef = 757056832B3CB89000F8A733 /* Accessible_NewsApp.swift */; };
		757056862B3CB89000F8A733 /* NewsListView.swift in Sources */ = {isa = PBXBuildFile; fileRef = 757056852B3CB89000F8A733 /* NewsListView.swift */; };
		757056882B3CB89100F8A733 /* Assets.xcassets in Resources */ = {isa = PBXBuildFile; fileRef = 757056872B3CB89100F8A733 /* Assets.xcassets */; };
		7570568B2B3CB89100F8A733 /* Preview Assets.xcassets in Resources */ = {isa = PBXBuildFile; fileRef = 7570568A2B3CB89100F8A733 /* Preview Assets.xcassets */; };
		757056952B3CC76E00F8A733 /* ServiceManager.swift in Sources */ = {isa = PBXBuildFile; fileRef = 757056942B3CC76E00F8A733 /* ServiceManager.swift */; };
		757056982B3CC8D900F8A733 /* NewsModel.swift in Sources */ = {isa = PBXBuildFile; fileRef = 757056972B3CC8D900F8A733 /* NewsModel.swift */; };
		7570569C2B3CCC9F00F8A733 /* NewsListViewModel.swift in Sources */ = {isa = PBXBuildFile; fileRef = 7570569B2B3CCC9F00F8A733 /* NewsListViewModel.swift */; };
		7570569F2B3CCE9E00F8A733 /* TableViewRepresentable.swift in Sources */ = {isa = PBXBuildFile; fileRef = 7570569E2B3CCE9E00F8A733 /* TableViewRepresentable.swift */; };
		757056A12B3CDFF800F8A733 /* NewsTableViewCell.swift in Sources */ = {isa = PBXBuildFile; fileRef = 757056A02B3CDFF800F8A733 /* NewsTableViewCell.swift */; };
/* End PBXBuildFile section */

/* Begin PBXFileReference section */
		757056802B3CB89000F8A733 /* Accessible News.app */ = {isa = PBXFileReference; explicitFileType = wrapper.application; includeInIndex = 0; path = "Accessible News.app"; sourceTree = BUILT_PRODUCTS_DIR; };
		757056832B3CB89000F8A733 /* Accessible_NewsApp.swift */ = {isa = PBXFileReference; lastKnownFileType = sourcecode.swift; path = Accessible_NewsApp.swift; sourceTree = "<group>"; };
		757056852B3CB89000F8A733 /* NewsListView.swift */ = {isa = PBXFileReference; lastKnownFileType = sourcecode.swift; path = NewsListView.swift; sourceTree = "<group>"; };
		757056872B3CB89100F8A733 /* Assets.xcassets */ = {isa = PBXFileReference; lastKnownFileType = folder.assetcatalog; path = Assets.xcassets; sourceTree = "<group>"; };
		7570568A2B3CB89100F8A733 /* Preview Assets.xcassets */ = {isa = PBXFileReference; lastKnownFileType = folder.assetcatalog; path = "Preview Assets.xcassets"; sourceTree = "<group>"; };
		757056942B3CC76E00F8A733 /* ServiceManager.swift */ = {isa = PBXFileReference; lastKnownFileType = sourcecode.swift; path = ServiceManager.swift; sourceTree = "<group>"; };
		757056972B3CC8D900F8A733 /* NewsModel.swift */ = {isa = PBXFileReference; lastKnownFileType = sourcecode.swift; path = NewsModel.swift; sourceTree = "<group>"; };
		7570569B2B3CCC9F00F8A733 /* NewsListViewModel.swift */ = {isa = PBXFileReference; lastKnownFileType = sourcecode.swift; path = NewsListViewModel.swift; sourceTree = "<group>"; };
		7570569E2B3CCE9E00F8A733 /* TableViewRepresentable.swift */ = {isa = PBXFileReference; lastKnownFileType = sourcecode.swift; path = TableViewRepresentable.swift; sourceTree = "<group>"; };
		757056A02B3CDFF800F8A733 /* NewsTableViewCell.swift */ = {isa = PBXFileReference; lastKnownFileType = sourcecode.swift; path = NewsTableViewCell.swift; sourceTree = "<group>"; };
/* End PBXFileReference section */

/* Begin PBXFrameworksBuildPhase section */
		7570567D2B3CB88F00F8A733 /* Frameworks */ = {
			isa = PBXFrameworksBuildPhase;
			buildActionMask = 2147483647;
			files = (
			);
			runOnlyForDeploymentPostprocessing = 0;
		};
/* End PBXFrameworksBuildPhase section */

/* Begin PBXGroup section */
		757056772B3CB88F00F8A733 = {
			isa = PBXGroup;
			children = (
				757056822B3CB89000F8A733 /* Accessible News */,
				757056812B3CB89000F8A733 /* Products */,
			);
			sourceTree = "<group>";
		};
		757056812B3CB89000F8A733 /* Products */ = {
			isa = PBXGroup;
			children = (
				757056802B3CB89000F8A733 /* Accessible News.app */,
			);
			name = Products;
			sourceTree = "<group>";
		};
		757056822B3CB89000F8A733 /* Accessible News */ = {
			isa = PBXGroup;
			children = (
				757056912B3CC6E400F8A733 /* App */,
				757056932B3CC75800F8A733 /* Network */,
				757056962B3CC8C300F8A733 /* Model */,
				757056992B3CCC2000F8A733 /* Screen */,
				757056872B3CB89100F8A733 /* Assets.xcassets */,
				757056892B3CB89100F8A733 /* Preview Content */,
			);
			path = "Accessible News";
			sourceTree = "<group>";
		};
		757056892B3CB89100F8A733 /* Preview Content */ = {
			isa = PBXGroup;
			children = (
				7570568A2B3CB89100F8A733 /* Preview Assets.xcassets */,
			);
			path = "Preview Content";
			sourceTree = "<group>";
		};
		757056912B3CC6E400F8A733 /* App */ = {
			isa = PBXGroup;
			children = (
				757056832B3CB89000F8A733 /* Accessible_NewsApp.swift */,
			);
			path = App;
			sourceTree = "<group>";
		};
		757056932B3CC75800F8A733 /* Network */ = {
			isa = PBXGroup;
			children = (
				757056942B3CC76E00F8A733 /* ServiceManager.swift */,
			);
			path = Network;
			sourceTree = "<group>";
		};
		757056962B3CC8C300F8A733 /* Model */ = {
			isa = PBXGroup;
			children = (
				757056972B3CC8D900F8A733 /* NewsModel.swift */,
			);
			path = Model;
			sourceTree = "<group>";
		};
		757056992B3CCC2000F8A733 /* Screen */ = {
			isa = PBXGroup;
			children = (
				7570569A2B3CCC5C00F8A733 /* NewsList */,
			);
			path = Screen;
			sourceTree = "<group>";
		};
		7570569A2B3CCC5C00F8A733 /* NewsList */ = {
			isa = PBXGroup;
			children = (
				757056852B3CB89000F8A733 /* NewsListView.swift */,
				7570569B2B3CCC9F00F8A733 /* NewsListViewModel.swift */,
				7570569D2B3CCE8500F8A733 /* Componenets */,
			);
			path = NewsList;
			sourceTree = "<group>";
		};
		7570569D2B3CCE8500F8A733 /* Componenets */ = {
			isa = PBXGroup;
			children = (
				7570569E2B3CCE9E00F8A733 /* TableViewRepresentable.swift */,
				757056A02B3CDFF800F8A733 /* NewsTableViewCell.swift */,
			);
			path = Componenets;
			sourceTree = "<group>";
		};
/* End PBXGroup section */

/* Begin PBXNativeTarget section */
		7570567F2B3CB88F00F8A733 /* Accessible News */ = {
			isa = PBXNativeTarget;
			buildConfigurationList = 7570568E2B3CB89100F8A733 /* Build configuration list for PBXNativeTarget "Accessible News" */;
			buildPhases = (
				7570567C2B3CB88F00F8A733 /* Sources */,
				7570567D2B3CB88F00F8A733 /* Frameworks */,
				7570567E2B3CB88F00F8A733 /* Resources */,
			);
			buildRules = (
			);
			dependencies = (
			);
			name = "Accessible News";
			productName = "Accessible News";
			productReference = 757056802B3CB89000F8A733 /* Accessible News.app */;
			productType = "com.apple.product-type.application";
		};
/* End PBXNativeTarget section */

/* Begin PBXProject section */
		757056782B3CB88F00F8A733 /* Project object */ = {
			isa = PBXProject;
			attributes = {
				BuildIndependentTargetsInParallel = 1;
				LastSwiftUpdateCheck = 1510;
				LastUpgradeCheck = 1510;
				TargetAttributes = {
					7570567F2B3CB88F00F8A733 = {
						CreatedOnToolsVersion = 15.1;
					};
				};
			};
			buildConfigurationList = 7570567B2B3CB88F00F8A733 /* Build configuration list for PBXProject "Accessible News" */;
			compatibilityVersion = "Xcode 14.0";
			developmentRegion = en;
			hasScannedForEncodings = 0;
			knownRegions = (
				en,
				Base,
			);
			mainGroup = 757056772B3CB88F00F8A733;
			productRefGroup = 757056812B3CB89000F8A733 /* Products */;
			projectDirPath = "";
			projectRoot = "";
			targets = (
				7570567F2B3CB88F00F8A733 /* Accessible News */,
			);
		};
/* End PBXProject section */

/* Begin PBXResourcesBuildPhase section */
		7570567E2B3CB88F00F8A733 /* Resources */ = {
			isa = PBXResourcesBuildPhase;
			buildActionMask = 2147483647;
			files = (
				7570568B2B3CB89100F8A733 /* Preview Assets.xcassets in Resources */,
				757056882B3CB89100F8A733 /* Assets.xcassets in Resources */,
			);
			runOnlyForDeploymentPostprocessing = 0;
		};
/* End PBXResourcesBuildPhase section */

/* Begin PBXSourcesBuildPhase section */
		7570567C2B3CB88F00F8A733 /* Sources */ = {
			isa = PBXSourcesBuildPhase;
			buildActionMask = 2147483647;
			files = (
				7570569F2B3CCE9E00F8A733 /* TableViewRepresentable.swift in Sources */,
				757056A12B3CDFF800F8A733 /* NewsTableViewCell.swift in Sources */,
				757056982B3CC8D900F8A733 /* NewsModel.swift in Sources */,
				757056862B3CB89000F8A733 /* NewsListView.swift in Sources */,
				7570569C2B3CCC9F00F8A733 /* NewsListViewModel.swift in Sources */,
				757056842B3CB89000F8A733 /* Accessible_NewsApp.swift in Sources */,
				757056952B3CC76E00F8A733 /* ServiceManager.swift in Sources */,
			);
			runOnlyForDeploymentPostprocessing = 0;
		};
/* End PBXSourcesBuildPhase section */

/* Begin XCBuildConfiguration section */
		7570568C2B3CB89100F8A733 /* Debug */ = {
			isa = XCBuildConfiguration;
			buildSettings = {
				ALWAYS_SEARCH_USER_PATHS = NO;
				ASSETCATALOG_COMPILER_GENERATE_SWIFT_ASSET_SYMBOL_EXTENSIONS = YES;
				CLANG_ANALYZER_NONNULL = YES;
				CLANG_ANALYZER_NUMBER_OBJECT_CONVERSION = YES_AGGRESSIVE;
				CLANG_CXX_LANGUAGE_STANDARD = "gnu++20";
				CLANG_ENABLE_MODULES = YES;
				CLANG_ENABLE_OBJC_ARC = YES;
				CLANG_ENABLE_OBJC_WEAK = YES;
				CLANG_WARN_BLOCK_CAPTURE_AUTORELEASING = YES;
				CLANG_WARN_BOOL_CONVERSION = YES;
				CLANG_WARN_COMMA = YES;
				CLANG_WARN_CONSTANT_CONVERSION = YES;
				CLANG_WARN_DEPRECATED_OBJC_IMPLEMENTATIONS = YES;
				CLANG_WARN_DIRECT_OBJC_ISA_USAGE = YES_ERROR;
				CLANG_WARN_DOCUMENTATION_COMMENTS = YES;
				CLANG_WARN_EMPTY_BODY = YES;
				CLANG_WARN_ENUM_CONVERSION = YES;
				CLANG_WARN_INFINITE_RECURSION = YES;
				CLANG_WARN_INT_CONVERSION = YES;
				CLANG_WARN_NON_LITERAL_NULL_CONVERSION = YES;
				CLANG_WARN_OBJC_IMPLICIT_RETAIN_SELF = YES;
				CLANG_WARN_OBJC_LITERAL_CONVERSION = YES;
				CLANG_WARN_OBJC_ROOT_CLASS = YES_ERROR;
				CLANG_WARN_QUOTED_INCLUDE_IN_FRAMEWORK_HEADER = YES;
				CLANG_WARN_RANGE_LOOP_ANALYSIS = YES;
				CLANG_WARN_STRICT_PROTOTYPES = YES;
				CLANG_WARN_SUSPICIOUS_MOVE = YES;
				CLANG_WARN_UNGUARDED_AVAILABILITY = YES_AGGRESSIVE;
				CLANG_WARN_UNREACHABLE_CODE = YES;
				CLANG_WARN__DUPLICATE_METHOD_MATCH = YES;
				COPY_PHASE_STRIP = NO;
				DEBUG_INFORMATION_FORMAT = dwarf;
				ENABLE_STRICT_OBJC_MSGSEND = YES;
				ENABLE_TESTABILITY = YES;
				ENABLE_USER_SCRIPT_SANDBOXING = YES;
				GCC_C_LANGUAGE_STANDARD = gnu17;
				GCC_DYNAMIC_NO_PIC = NO;
				GCC_NO_COMMON_BLOCKS = YES;
				GCC_OPTIMIZATION_LEVEL = 0;
				GCC_PREPROCESSOR_DEFINITIONS = (
					"DEBUG=1",
					"$(inherited)",
				);
				GCC_WARN_64_TO_32_BIT_CONVERSION = YES;
				GCC_WARN_ABOUT_RETURN_TYPE = YES_ERROR;
				GCC_WARN_UNDECLARED_SELECTOR = YES;
				GCC_WARN_UNINITIALIZED_AUTOS = YES_AGGRESSIVE;
				GCC_WARN_UNUSED_FUNCTION = YES;
				GCC_WARN_UNUSED_VARIABLE = YES;
				IPHONEOS_DEPLOYMENT_TARGET = 17.2;
				LOCALIZATION_PREFERS_STRING_CATALOGS = YES;
				MTL_ENABLE_DEBUG_INFO = INCLUDE_SOURCE;
				MTL_FAST_MATH = YES;
				ONLY_ACTIVE_ARCH = YES;
				SDKROOT = iphoneos;
				SWIFT_ACTIVE_COMPILATION_CONDITIONS = "DEBUG $(inherited)";
				SWIFT_OPTIMIZATION_LEVEL = "-Onone";
			};
			name = Debug;
		};
		7570568D2B3CB89100F8A733 /* Release */ = {
			isa = XCBuildConfiguration;
			buildSettings = {
				ALWAYS_SEARCH_USER_PATHS = NO;
				ASSETCATALOG_COMPILER_GENERATE_SWIFT_ASSET_SYMBOL_EXTENSIONS = YES;
				CLANG_ANALYZER_NONNULL = YES;
				CLANG_ANALYZER_NUMBER_OBJECT_CONVERSION = YES_AGGRESSIVE;
				CLANG_CXX_LANGUAGE_STANDARD = "gnu++20";
				CLANG_ENABLE_MODULES = YES;
				CLANG_ENABLE_OBJC_ARC = YES;
				CLANG_ENABLE_OBJC_WEAK = YES;
				CLANG_WARN_BLOCK_CAPTURE_AUTORELEASING = YES;
				CLANG_WARN_BOOL_CONVERSION = YES;
				CLANG_WARN_COMMA = YES;
				CLANG_WARN_CONSTANT_CONVERSION = YES;
				CLANG_WARN_DEPRECATED_OBJC_IMPLEMENTATIONS = YES;
				CLANG_WARN_DIRECT_OBJC_ISA_USAGE = YES_ERROR;
				CLANG_WARN_DOCUMENTATION_COMMENTS = YES;
				CLANG_WARN_EMPTY_BODY = YES;
				CLANG_WARN_ENUM_CONVERSION = YES;
				CLANG_WARN_INFINITE_RECURSION = YES;
				CLANG_WARN_INT_CONVERSION = YES;
				CLANG_WARN_NON_LITERAL_NULL_CONVERSION = YES;
				CLANG_WARN_OBJC_IMPLICIT_RETAIN_SELF = YES;
				CLANG_WARN_OBJC_LITERAL_CONVERSION = YES;
				CLANG_WARN_OBJC_ROOT_CLASS = YES_ERROR;
				CLANG_WARN_QUOTED_INCLUDE_IN_FRAMEWORK_HEADER = YES;
				CLANG_WARN_RANGE_LOOP_ANALYSIS = YES;
				CLANG_WARN_STRICT_PROTOTYPES = YES;
				CLANG_WARN_SUSPICIOUS_MOVE = YES;
				CLANG_WARN_UNGUARDED_AVAILABILITY = YES_AGGRESSIVE;
				CLANG_WARN_UNREACHABLE_CODE = YES;
				CLANG_WARN__DUPLICATE_METHOD_MATCH = YES;
				COPY_PHASE_STRIP = NO;
				DEBUG_INFORMATION_FORMAT = "dwarf-with-dsym";
				ENABLE_NS_ASSERTIONS = NO;
				ENABLE_STRICT_OBJC_MSGSEND = YES;
				ENABLE_USER_SCRIPT_SANDBOXING = YES;
				GCC_C_LANGUAGE_STANDARD = gnu17;
				GCC_NO_COMMON_BLOCKS = YES;
				GCC_WARN_64_TO_32_BIT_CONVERSION = YES;
				GCC_WARN_ABOUT_RETURN_TYPE = YES_ERROR;
				GCC_WARN_UNDECLARED_SELECTOR = YES;
				GCC_WARN_UNINITIALIZED_AUTOS = YES_AGGRESSIVE;
				GCC_WARN_UNUSED_FUNCTION = YES;
				GCC_WARN_UNUSED_VARIABLE = YES;
				IPHONEOS_DEPLOYMENT_TARGET = 17.2;
				LOCALIZATION_PREFERS_STRING_CATALOGS = YES;
				MTL_ENABLE_DEBUG_INFO = NO;
				MTL_FAST_MATH = YES;
				SDKROOT = iphoneos;
				SWIFT_COMPILATION_MODE = wholemodule;
				VALIDATE_PRODUCT = YES;
			};
			name = Release;
		};
		7570568F2B3CB89100F8A733 /* Debug */ = {
			isa = XCBuildConfiguration;
			buildSettings = {
				ASSETCATALOG_COMPILER_APPICON_NAME = AppIcon;
				ASSETCATALOG_COMPILER_GLOBAL_ACCENT_COLOR_NAME = AccentColor;
				CODE_SIGN_STYLE = Automatic;
				CURRENT_PROJECT_VERSION = 1;
				DEVELOPMENT_ASSET_PATHS = "\"Accessible News/Preview Content\"";
				DEVELOPMENT_TEAM = 69GK54W8ZW;
				ENABLE_PREVIEWS = YES;
				GENERATE_INFOPLIST_FILE = YES;
				INFOPLIST_KEY_UIApplicationSceneManifest_Generation = YES;
				INFOPLIST_KEY_UIApplicationSupportsIndirectInputEvents = YES;
				INFOPLIST_KEY_UILaunchScreen_Generation = YES;
				INFOPLIST_KEY_UISupportedInterfaceOrientations_iPad = "UIInterfaceOrientationPortrait UIInterfaceOrientationPortraitUpsideDown UIInterfaceOrientationLandscapeLeft UIInterfaceOrientationLandscapeRight";
				INFOPLIST_KEY_UISupportedInterfaceOrientations_iPhone = "UIInterfaceOrientationPortrait UIInterfaceOrientationLandscapeLeft UIInterfaceOrientationLandscapeRight";
				LD_RUNPATH_SEARCH_PATHS = (
					"$(inherited)",
					"@executable_path/Frameworks",
				);
				MARKETING_VERSION = 1.0;
				PRODUCT_BUNDLE_IDENTIFIER = "com.Void.Accessible-News";
				PRODUCT_NAME = "$(TARGET_NAME)";
				SWIFT_EMIT_LOC_STRINGS = YES;
				SWIFT_VERSION = 5.0;
				TARGETED_DEVICE_FAMILY = "1,2";
			};
			name = Debug;
		};
		757056902B3CB89100F8A733 /* Release */ = {
			isa = XCBuildConfiguration;
			buildSettings = {
				ASSETCATALOG_COMPILER_APPICON_NAME = AppIcon;
				ASSETCATALOG_COMPILER_GLOBAL_ACCENT_COLOR_NAME = AccentColor;
				CODE_SIGN_STYLE = Automatic;
				CURRENT_PROJECT_VERSION = 1;
				DEVELOPMENT_ASSET_PATHS = "\"Accessible News/Preview Content\"";
				DEVELOPMENT_TEAM = 69GK54W8ZW;
				ENABLE_PREVIEWS = YES;
				GENERATE_INFOPLIST_FILE = YES;
				INFOPLIST_KEY_UIApplicationSceneManifest_Generation = YES;
				INFOPLIST_KEY_UIApplicationSupportsIndirectInputEvents = YES;
				INFOPLIST_KEY_UILaunchScreen_Generation = YES;
				INFOPLIST_KEY_UISupportedInterfaceOrientations_iPad = "UIInterfaceOrientationPortrait UIInterfaceOrientationPortraitUpsideDown UIInterfaceOrientationLandscapeLeft UIInterfaceOrientationLandscapeRight";
				INFOPLIST_KEY_UISupportedInterfaceOrientations_iPhone = "UIInterfaceOrientationPortrait UIInterfaceOrientationLandscapeLeft UIInterfaceOrientationLandscapeRight";
				LD_RUNPATH_SEARCH_PATHS = (
					"$(inherited)",
					"@executable_path/Frameworks",
				);
				MARKETING_VERSION = 1.0;
				PRODUCT_BUNDLE_IDENTIFIER = "com.Void.Accessible-News";
				PRODUCT_NAME = "$(TARGET_NAME)";
				SWIFT_EMIT_LOC_STRINGS = YES;
				SWIFT_VERSION = 5.0;
				TARGETED_DEVICE_FAMILY = "1,2";
			};
			name = Release;
		};
/* End XCBuildConfiguration section */

/* Begin XCConfigurationList section */
		7570567B2B3CB88F00F8A733 /* Build configuration list for PBXProject "Accessible News" */ = {
			isa = XCConfigurationList;
			buildConfigurations = (
				7570568C2B3CB89100F8A733 /* Debug */,
				7570568D2B3CB89100F8A733 /* Release */,
			);
			defaultConfigurationIsVisible = 0;
			defaultConfigurationName = Release;
		};
		7570568E2B3CB89100F8A733 /* Build configuration list for PBXNativeTarget "Accessible News" */ = {
			isa = XCConfigurationList;
			buildConfigurations = (
				7570568F2B3CB89100F8A733 /* Debug */,
				757056902B3CB89100F8A733 /* Release */,
			);
			defaultConfigurationIsVisible = 0;
			defaultConfigurationName = Release;
		};
/* End XCConfigurationList section */
	};
	rootObject = 757056782B3CB88F00F8A733 /* Project object */;
}
